
Microsoft Visual Studio Solution File, Format Version 12.00
# Visual Studio Version 17
VisualStudioVersion = 17.1.32210.238
MinimumVisualStudioVersion = 10.0.40219.1
Project("{9A19103F-16F7-4668-BE54-9A1E7A4F7556}") = "lecture 5 wpf", "lecture 5 wpf\lecture 5 wpf.csproj", "{965AB26C-F3BA-4999-94B8-94C59DBDBDF3}"
EndProject
Global
	GlobalSection(SolutionConfigurationPlatforms) = preSolution
		Debug|Any CPU = Debug|Any CPU
		Release|Any CPU = Release|Any CPU
	EndGlobalSection
	GlobalSection(ProjectConfigurationPlatforms) = postSolution
		{965AB26C-F3BA-4999-94B8-94C59DBDBDF3}.Debug|Any CPU.ActiveCfg = Debug|Any CPU
		{965AB26C-F3BA-4999-94B8-94C59DBDBDF3}.Debug|Any CPU.Build.0 = Debug|Any CPU
		{965AB26C-F3BA-4999-94B8-94C59DBDBDF3}.Release|Any CPU.ActiveCfg = Release|Any CPU
		{965AB26C-F3BA-4999-94B8-94C59DBDBDF3}.Release|Any CPU.Build.0 = Release|Any CPU
	EndGlobalSection
	GlobalSection(SolutionProperties) = preSolution
		HideSolutionNode = FALSE
	EndGlobalSection
	GlobalSection(ExtensibilityGlobals) = postSolution
		SolutionGuid = {E8214C90-49EE-40A7-A1E1-644C44C0A87A}
	EndGlobalSection
EndGlobal
