
Microsoft Visual Studio Solution File, Format Version 12.00
# Visual Studio Version 16
VisualStudioVersion = 16.0.31019.35
MinimumVisualStudioVersion = 10.0.40219.1
Project("{FAE04EC0-301F-11D3-BF4B-00C04F79EFBC}") = "WebApplication1", "WebApplication1.csproj", "{E1592715-42BA-4F94-BF8F-50CC72D928C0}"
EndProject
Global
	GlobalSection(SolutionConfigurationPlatforms) = preSolution
		Debug|Any CPU = Debug|Any CPU
		Release|Any CPU = Release|Any CPU
	EndGlobalSection
	GlobalSection(ProjectConfigurationPlatforms) = postSolution
		{E1592715-42BA-4F94-BF8F-50CC72D928C0}.Debug|Any CPU.ActiveCfg = Debug|Any CPU
		{E1592715-42BA-4F94-BF8F-50CC72D928C0}.Debug|Any CPU.Build.0 = Debug|Any CPU
		{E1592715-42BA-4F94-BF8F-50CC72D928C0}.Release|Any CPU.ActiveCfg = Release|Any CPU
		{E1592715-42BA-4F94-BF8F-50CC72D928C0}.Release|Any CPU.Build.0 = Release|Any CPU
	EndGlobalSection
	GlobalSection(SolutionProperties) = preSolution
		HideSolutionNode = FALSE
	EndGlobalSection
	GlobalSection(ExtensibilityGlobals) = postSolution
		SolutionGuid = {D471F454-EA68-4AF0-8E3D-B3EBEE6F1F90}
	EndGlobalSection
EndGlobal
